
Microsoft Visual Studio Solution File, Format Version 12.00
# Visual Studio 15
Project("{FAE04EC0-301F-11D3-BF4B-00C04F79EFBC}") = "Assembly-CSharp-Editor", "Assembly-CSharp-Editor.csproj", "{A640D7A4-158E-DA47-A0F7-9EC31766969E}"
EndProject
Project("{FAE04EC0-301F-11D3-BF4B-00C04F79EFBC}") = "Unity.XR.Interaction.Toolkit.Samples.StarterAssets", "Unity.XR.Interaction.Toolkit.Samples.StarterAssets.csproj", "{0D1A85C3-C578-06FC-B600-184C35854500}"
EndProject
Project("{FAE04EC0-301F-11D3-BF4B-00C04F79EFBC}") = "Assembly-CSharp", "Assembly-CSharp.csproj", "{2665B12E-33F3-EE13-6785-D990EF8705B8}"
EndProject
Project("{FAE04EC0-301F-11D3-BF4B-00C04F79EFBC}") = "Unity.XR.Interaction.Toolkit.Samples.StarterAssets.Editor", "Unity.XR.Interaction.Toolkit.Samples.StarterAssets.Editor.csproj", "{9D6D125F-EB97-3A40-DD03-84EEBF6D380F}"
EndProject
Global
	GlobalSection(SolutionConfigurationPlatforms) = preSolution
		Debug|Any CPU = Debug|Any CPU
		Release|Any CPU = Release|Any CPU
	EndGlobalSection
	GlobalSection(ProjectConfigurationPlatforms) = postSolution
		{A640D7A4-158E-DA47-A0F7-9EC31766969E}.Debug|Any CPU.ActiveCfg = Debug|Any CPU
		{A640D7A4-158E-DA47-A0F7-9EC31766969E}.Debug|Any CPU.Build.0 = Debug|Any CPU
		{A640D7A4-158E-DA47-A0F7-9EC31766969E}.Release|Any CPU.ActiveCfg = Release|Any CPU
		{A640D7A4-158E-DA47-A0F7-9EC31766969E}.Release|Any CPU.Build.0 = Release|Any CPU
		{0D1A85C3-C578-06FC-B600-184C35854500}.Debug|Any CPU.ActiveCfg = Debug|Any CPU
		{0D1A85C3-C578-06FC-B600-184C35854500}.Debug|Any CPU.Build.0 = Debug|Any CPU
		{0D1A85C3-C578-06FC-B600-184C35854500}.Release|Any CPU.ActiveCfg = Release|Any CPU
		{0D1A85C3-C578-06FC-B600-184C35854500}.Release|Any CPU.Build.0 = Release|Any CPU
		{2665B12E-33F3-EE13-6785-D990EF8705B8}.Debug|Any CPU.ActiveCfg = Debug|Any CPU
		{2665B12E-33F3-EE13-6785-D990EF8705B8}.Debug|Any CPU.Build.0 = Debug|Any CPU
		{2665B12E-33F3-EE13-6785-D990EF8705B8}.Release|Any CPU.ActiveCfg = Release|Any CPU
		{2665B12E-33F3-EE13-6785-D990EF8705B8}.Release|Any CPU.Build.0 = Release|Any CPU
		{9D6D125F-EB97-3A40-DD03-84EEBF6D380F}.Debug|Any CPU.ActiveCfg = Debug|Any CPU
		{9D6D125F-EB97-3A40-DD03-84EEBF6D380F}.Debug|Any CPU.Build.0 = Debug|Any CPU
		{9D6D125F-EB97-3A40-DD03-84EEBF6D380F}.Release|Any CPU.ActiveCfg = Release|Any CPU
		{9D6D125F-EB97-3A40-DD03-84EEBF6D380F}.Release|Any CPU.Build.0 = Release|Any CPU
	EndGlobalSection
	GlobalSection(SolutionProperties) = preSolution
		HideSolutionNode = FALSE
	EndGlobalSection
EndGlobal
